
Microsoft Visual Studio Solution File, Format Version 12.00
# Visual Studio Version 17
VisualStudioVersion = 17.1.32228.430
MinimumVisualStudioVersion = 10.0.40219.1
Project("{9A19103F-16F7-4668-BE54-9A1E7A4F7556}") = "1-Introduction", "1-Introduction\1-Introduction.csproj", "{B06DCDB6-B58C-4BE3-B7D6-AD785DC62F51}"
EndProject
Project("{FAE04EC0-301F-11D3-BF4B-00C04F79EFBC}") = "2-ScopeOfFilters", "2-ScopeOfFilters\2-ScopeOfFilters.csproj", "{A6BBB708-C070-44EB-B773-693966516460}"
EndProject
Project("{FAE04EC0-301F-11D3-BF4B-00C04F79EFBC}") = "3-Parameters_DI", "3-Parameters_DI\3-Parameters_DI.csproj", "{322A9D37-5167-48F4-8EBE-D3F92144C1F4}"
EndProject
Project("{FAE04EC0-301F-11D3-BF4B-00C04F79EFBC}") = "4-ResourceFilter", "4-ResourceFilter\4-ResourceFilter.csproj", "{14859D02-B132-41FB-BD7E-53CDFBAE859A}"
EndProject
Global
	GlobalSection(SolutionConfigurationPlatforms) = preSolution
		Debug|Any CPU = Debug|Any CPU
		Release|Any CPU = Release|Any CPU
	EndGlobalSection
	GlobalSection(ProjectConfigurationPlatforms) = postSolution
		{B06DCDB6-B58C-4BE3-B7D6-AD785DC62F51}.Debug|Any CPU.ActiveCfg = Debug|Any CPU
		{B06DCDB6-B58C-4BE3-B7D6-AD785DC62F51}.Debug|Any CPU.Build.0 = Debug|Any CPU
		{B06DCDB6-B58C-4BE3-B7D6-AD785DC62F51}.Release|Any CPU.ActiveCfg = Release|Any CPU
		{B06DCDB6-B58C-4BE3-B7D6-AD785DC62F51}.Release|Any CPU.Build.0 = Release|Any CPU
		{A6BBB708-C070-44EB-B773-693966516460}.Debug|Any CPU.ActiveCfg = Debug|Any CPU
		{A6BBB708-C070-44EB-B773-693966516460}.Debug|Any CPU.Build.0 = Debug|Any CPU
		{A6BBB708-C070-44EB-B773-693966516460}.Release|Any CPU.ActiveCfg = Release|Any CPU
		{A6BBB708-C070-44EB-B773-693966516460}.Release|Any CPU.Build.0 = Release|Any CPU
		{322A9D37-5167-48F4-8EBE-D3F92144C1F4}.Debug|Any CPU.ActiveCfg = Debug|Any CPU
		{322A9D37-5167-48F4-8EBE-D3F92144C1F4}.Debug|Any CPU.Build.0 = Debug|Any CPU
		{322A9D37-5167-48F4-8EBE-D3F92144C1F4}.Release|Any CPU.ActiveCfg = Release|Any CPU
		{322A9D37-5167-48F4-8EBE-D3F92144C1F4}.Release|Any CPU.Build.0 = Release|Any CPU
		{14859D02-B132-41FB-BD7E-53CDFBAE859A}.Debug|Any CPU.ActiveCfg = Debug|Any CPU
		{14859D02-B132-41FB-BD7E-53CDFBAE859A}.Debug|Any CPU.Build.0 = Debug|Any CPU
		{14859D02-B132-41FB-BD7E-53CDFBAE859A}.Release|Any CPU.ActiveCfg = Release|Any CPU
		{14859D02-B132-41FB-BD7E-53CDFBAE859A}.Release|Any CPU.Build.0 = Release|Any CPU
	EndGlobalSection
	GlobalSection(SolutionProperties) = preSolution
		HideSolutionNode = FALSE
	EndGlobalSection
	GlobalSection(ExtensibilityGlobals) = postSolution
		SolutionGuid = {3B3E909E-9842-4682-917A-C9BD83E79296}
	EndGlobalSection
EndGlobal
